<?xml version="1.0" encoding="utf-8"?>
<Project ToolsVersion="4.0" xmlns="http://schemas.microsoft.com/developer/msbuild/2003">
  <ItemGroup>
    <Filter Include="Default">
      <UniqueIdentifier>{6fe6f3ca-d27d-4b61-b465-8fad7f9da689}</UniqueIdentifier>
    </Filter>
    <Filter Include="Scripts">
      <UniqueIdentifier>{362e4d15-288c-4a3f-95b7-580450f09124}</UniqueIdentifier>
    </Filter>
    <Filter Include="ScriptMgr">
      <UniqueIdentifier>{c2e071c7-0169-44c5-9189-b2695f5876fd}</UniqueIdentifier>
    </Filter>
    <Filter Include="Scripts\Player">
      <UniqueIdentifier>{0d0d6e2e-1d86-4765-bc4f-b52f3eef1356}</UniqueIdentifier>
    </Filter>
    <Filter Include="Scripts\Interaction">
      <UniqueIdentifier>{d51dde9a-51f4-4494-8b2b-1988ffc7bedf}</UniqueIdentifier>
    </Filter>
  </ItemGroup>
  <ItemGroup>
    <ClInclude Include="framework.h">
      <Filter>Default</Filter>
    </ClInclude>
    <ClInclude Include="pch.h">
      <Filter>Default</Filter>
    </ClInclude>
    <ClInclude Include="CCameraMoveScript.h">
      <Filter>Scripts</Filter>
    </ClInclude>
    <ClInclude Include="CMissileScript.h">
      <Filter>Scripts</Filter>
    </ClInclude>
    <ClInclude Include="CScriptMgr.h">
      <Filter>ScriptMgr</Filter>
    </ClInclude>
    <ClInclude Include="CCountDownDeleteScript.h">
      <Filter>Scripts</Filter>
    </ClInclude>
    <ClInclude Include="COguDancePointLightScript.h">
      <Filter>Scripts\Player</Filter>
    </ClInclude>
    <ClInclude Include="CPlayerInteractionScript.h">
      <Filter>Scripts\Player</Filter>
    </ClInclude>
    <ClInclude Include="CPlayerScript.h">
      <Filter>Scripts\Player</Filter>
    </ClInclude>
    <ClInclude Include="CSwingObjScript.h">
      <Filter>Scripts\Player</Filter>
    </ClInclude>
    <ClInclude Include="CInteractionScript.h">
      <Filter>Scripts\Interaction</Filter>
    </ClInclude>
    <ClInclude Include="CLiftScript.h">
      <Filter>Scripts\Interaction</Filter>
    </ClInclude>
    <ClInclude Include="CPushScript.h">
      <Filter>Scripts\Interaction</Filter>
    </ClInclude>
  </ItemGroup>
  <ItemGroup>
    <ClCompile Include="pch.cpp">
      <Filter>Default</Filter>
    </ClCompile>
    <ClCompile Include="Scripts.cpp">
      <Filter>Default</Filter>
    </ClCompile>
    <ClCompile Include="CCameraMoveScript.cpp">
      <Filter>Scripts</Filter>
    </ClCompile>
    <ClCompile Include="CMissileScript.cpp">
      <Filter>Scripts</Filter>
    </ClCompile>
    <ClCompile Include="CScriptMgr.cpp">
      <Filter>ScriptMgr</Filter>
    </ClCompile>
    <ClCompile Include="CCountDownDeleteScript.cpp">
      <Filter>Scripts</Filter>
    </ClCompile>
    <ClCompile Include="COguDancePointLightScript.cpp">
      <Filter>Scripts\Player</Filter>
    </ClCompile>
    <ClCompile Include="CPlayerInteractionScript.cpp">
      <Filter>Scripts\Player</Filter>
    </ClCompile>
    <ClCompile Include="CPlayerScript.cpp">
      <Filter>Scripts\Player</Filter>
    </ClCompile>
    <ClCompile Include="CSwingObjScript.cpp">
      <Filter>Scripts\Player</Filter>
    </ClCompile>
    <ClCompile Include="CInteractionScript.cpp">
      <Filter>Scripts\Interaction</Filter>
    </ClCompile>
    <ClCompile Include="CLiftScript.cpp">
      <Filter>Scripts\Interaction</Filter>
    </ClCompile>
    <ClCompile Include="CPushScript.cpp">
      <Filter>Scripts\Interaction</Filter>
    </ClCompile>
  </ItemGroup>
</Project>