<?xml version="1.0" encoding="utf-8"?>
<Project ToolsVersion="4.0" xmlns="http://schemas.microsoft.com/developer/msbuild/2003">
  <ItemGroup>
    <Filter Include="Default">
      <UniqueIdentifier>{6fe6f3ca-d27d-4b61-b465-8fad7f9da689}</UniqueIdentifier>
    </Filter>
    <Filter Include="Scripts">
      <UniqueIdentifier>{362e4d15-288c-4a3f-95b7-580450f09124}</UniqueIdentifier>
    </Filter>
    <Filter Include="ScriptMgr">
      <UniqueIdentifier>{c2e071c7-0169-44c5-9189-b2695f5876fd}</UniqueIdentifier>
    </Filter>
    <Filter Include="Scripts\Player">
      <UniqueIdentifier>{0d0d6e2e-1d86-4765-bc4f-b52f3eef1356}</UniqueIdentifier>
    </Filter>
    <Filter Include="Scripts\Interaction">
      <UniqueIdentifier>{d51dde9a-51f4-4494-8b2b-1988ffc7bedf}</UniqueIdentifier>
    </Filter>
    <Filter Include="Scripts\Interaction\Grass">
      <UniqueIdentifier>{e5a63d2c-a049-470d-9079-8bac23c38f05}</UniqueIdentifier>
    </Filter>
    <Filter Include="Scripts\UI">
      <UniqueIdentifier>{417b39fa-86a8-4ecf-995c-05cd23568d79}</UniqueIdentifier>
    </Filter>
    <Filter Include="Scripts\Interaction\NPC">
      <UniqueIdentifier>{54ad96e4-87b3-438a-8f52-9e3cce7fefa2}</UniqueIdentifier>
    </Filter>
    <Filter Include="Scripts\Obstacle">
      <UniqueIdentifier>{08ff55ef-4673-47f6-8a7e-db27314cc058}</UniqueIdentifier>
    </Filter>
    <Filter Include="Scripts\Obj">
      <UniqueIdentifier>{9318b877-c843-49f8-86b3-e8841db2c92c}</UniqueIdentifier>
    </Filter>
    <Filter Include="Scripts\Monster">
      <UniqueIdentifier>{94a71f56-fd54-497b-8d49-1fe796fb2a1e}</UniqueIdentifier>
    </Filter>
    <Filter Include="Scripts\Monster\SpitCactus">
      <UniqueIdentifier>{fd980153-66a1-4d55-9290-a202dd312a41}</UniqueIdentifier>
    </Filter>
  </ItemGroup>
  <ItemGroup>
    <ClInclude Include="framework.h">
      <Filter>Default</Filter>
    </ClInclude>
    <ClInclude Include="pch.h">
      <Filter>Default</Filter>
    </ClInclude>
    <ClInclude Include="CCameraMoveScript.h">
      <Filter>Scripts</Filter>
    </ClInclude>
    <ClInclude Include="CMissileScript.h">
      <Filter>Scripts</Filter>
    </ClInclude>
    <ClInclude Include="CScriptMgr.h">
      <Filter>ScriptMgr</Filter>
    </ClInclude>
    <ClInclude Include="CCountDownDeleteScript.h">
      <Filter>Scripts</Filter>
    </ClInclude>
    <ClInclude Include="COguDancePointLightScript.h">
      <Filter>Scripts\Player</Filter>
    </ClInclude>
    <ClInclude Include="CPlayerInteractionScript.h">
      <Filter>Scripts\Player</Filter>
    </ClInclude>
    <ClInclude Include="CPlayerScript.h">
      <Filter>Scripts\Player</Filter>
    </ClInclude>
    <ClInclude Include="CSwingObjScript.h">
      <Filter>Scripts\Player</Filter>
    </ClInclude>
    <ClInclude Include="CInteractionScript.h">
      <Filter>Scripts\Interaction</Filter>
    </ClInclude>
    <ClInclude Include="CLiftScript.h">
      <Filter>Scripts\Interaction</Filter>
    </ClInclude>
    <ClInclude Include="CPushScript.h">
      <Filter>Scripts\Interaction</Filter>
    </ClInclude>
    <ClInclude Include="CGlowingPlantsScript.h">
      <Filter>Scripts\Interaction\Grass</Filter>
    </ClInclude>
    <ClInclude Include="CGrassScript.h">
      <Filter>Scripts\Interaction\Grass</Filter>
    </ClInclude>
    <ClInclude Include="CCameraPlayerTrackingScript.h">
      <Filter>Scripts</Filter>
    </ClInclude>
    <ClInclude Include="CTextBoxScript.h">
      <Filter>Scripts\UI</Filter>
    </ClInclude>
    <ClInclude Include="CNPCScript.h">
      <Filter>Scripts\Interaction\NPC</Filter>
    </ClInclude>
    <ClInclude Include="CUIScript.h">
      <Filter>Scripts\UI</Filter>
    </ClInclude>
    <ClInclude Include="CPlayerCameraScript.h">
      <Filter>Scripts\Player</Filter>
    </ClInclude>
    <ClInclude Include="CJellyPushScript.h">
      <Filter>Scripts\Obstacle</Filter>
    </ClInclude>
    <ClInclude Include="CJellyPushFrameScript.h">
      <Filter>Scripts\Obstacle</Filter>
    </ClInclude>
    <ClInclude Include="CJellyBombScript.h">
      <Filter>Scripts\Obstacle</Filter>
    </ClInclude>
    <ClInclude Include="CJellyBombDetectScript.h">
      <Filter>Scripts\Obstacle</Filter>
    </ClInclude>
    <ClInclude Include="CStoneBreakableScript.h">
      <Filter>Scripts\Obj</Filter>
    </ClInclude>
    <ClInclude Include="CHPScript.h">
      <Filter>Scripts</Filter>
    </ClInclude>
    <ClInclude Include="CBugNPCScript.h">
      <Filter>Scripts\Interaction\NPC</Filter>
    </ClInclude>
    <ClInclude Include="CFlowerLightScript.h">
      <Filter>Scripts\Obstacle</Filter>
    </ClInclude>
    <ClInclude Include="CFlowerLightAreaScript.h">
      <Filter>Scripts\Obstacle</Filter>
    </ClInclude>
    <ClInclude Include="CMonsterScript.h">
      <Filter>Scripts\Monster</Filter>
    </ClInclude>
    <ClInclude Include="CPlayerDetectScript.h">
      <Filter>Scripts\Monster</Filter>
    </ClInclude>
    <ClInclude Include="CSpitCactusScript.h">
      <Filter>Scripts\Monster\SpitCactus</Filter>
    </ClInclude>
    <ClInclude Include="CCactusNeedleScript.h">
      <Filter>Scripts\Monster\SpitCactus</Filter>
    </ClInclude>
    <ClInclude Include="CAniFinishDestroyScript.h">
      <Filter>Scripts</Filter>
    </ClInclude>
  </ItemGroup>
  <ItemGroup>
    <ClCompile Include="pch.cpp">
      <Filter>Default</Filter>
    </ClCompile>
    <ClCompile Include="Scripts.cpp">
      <Filter>Default</Filter>
    </ClCompile>
    <ClCompile Include="CCameraMoveScript.cpp">
      <Filter>Scripts</Filter>
    </ClCompile>
    <ClCompile Include="CMissileScript.cpp">
      <Filter>Scripts</Filter>
    </ClCompile>
    <ClCompile Include="CScriptMgr.cpp">
      <Filter>ScriptMgr</Filter>
    </ClCompile>
    <ClCompile Include="CCountDownDeleteScript.cpp">
      <Filter>Scripts</Filter>
    </ClCompile>
    <ClCompile Include="COguDancePointLightScript.cpp">
      <Filter>Scripts\Player</Filter>
    </ClCompile>
    <ClCompile Include="CPlayerInteractionScript.cpp">
      <Filter>Scripts\Player</Filter>
    </ClCompile>
    <ClCompile Include="CPlayerScript.cpp">
      <Filter>Scripts\Player</Filter>
    </ClCompile>
    <ClCompile Include="CSwingObjScript.cpp">
      <Filter>Scripts\Player</Filter>
    </ClCompile>
    <ClCompile Include="CInteractionScript.cpp">
      <Filter>Scripts\Interaction</Filter>
    </ClCompile>
    <ClCompile Include="CLiftScript.cpp">
      <Filter>Scripts\Interaction</Filter>
    </ClCompile>
    <ClCompile Include="CPushScript.cpp">
      <Filter>Scripts\Interaction</Filter>
    </ClCompile>
    <ClCompile Include="CGlowingPlantsScript.cpp">
      <Filter>Scripts\Interaction\Grass</Filter>
    </ClCompile>
    <ClCompile Include="CGrassScript.cpp">
      <Filter>Scripts\Interaction\Grass</Filter>
    </ClCompile>
    <ClCompile Include="CCameraPlayerTrackingScript.cpp">
      <Filter>Scripts</Filter>
    </ClCompile>
    <ClCompile Include="CTextBoxScript.cpp">
      <Filter>Scripts\UI</Filter>
    </ClCompile>
    <ClCompile Include="CNPCScript.cpp">
      <Filter>Scripts\Interaction\NPC</Filter>
    </ClCompile>
    <ClCompile Include="CUIScript.cpp">
      <Filter>Scripts\UI</Filter>
    </ClCompile>
    <ClCompile Include="CPlayerCameraScript.cpp">
      <Filter>Scripts\Player</Filter>
    </ClCompile>
    <ClCompile Include="CJellyPushScript.cpp">
      <Filter>Scripts\Obstacle</Filter>
    </ClCompile>
    <ClCompile Include="CJellyPushFrameScript.cpp">
      <Filter>Scripts\Obstacle</Filter>
    </ClCompile>
    <ClCompile Include="CJellyBombScript.cpp">
      <Filter>Scripts\Obstacle</Filter>
    </ClCompile>
    <ClCompile Include="CJellyBombDetectScript.cpp">
      <Filter>Scripts\Obstacle</Filter>
    </ClCompile>
    <ClCompile Include="CStoneBreakableScript.cpp">
      <Filter>Scripts\Obj</Filter>
    </ClCompile>
    <ClCompile Include="CHPScript.cpp">
      <Filter>Scripts</Filter>
    </ClCompile>
    <ClCompile Include="CBugNPCScript.cpp">
      <Filter>Scripts\Interaction\NPC</Filter>
    </ClCompile>
    <ClCompile Include="CFlowerLightScript.cpp">
      <Filter>Scripts\Obstacle</Filter>
    </ClCompile>
    <ClCompile Include="CFlowerLightAreaScript.cpp">
      <Filter>Scripts\Obstacle</Filter>
    </ClCompile>
    <ClCompile Include="CMonsterScript.cpp">
      <Filter>Scripts\Monster</Filter>
    </ClCompile>
    <ClCompile Include="CPlayerDetectScript.cpp">
      <Filter>Scripts\Monster</Filter>
    </ClCompile>
    <ClCompile Include="CSpitCactusScript.cpp">
      <Filter>Scripts\Monster\SpitCactus</Filter>
    </ClCompile>
    <ClCompile Include="CCactusNeedleScript.cpp">
      <Filter>Scripts\Monster\SpitCactus</Filter>
    </ClCompile>
    <ClCompile Include="CAniFinishDestroyScript.cpp">
      <Filter>Scripts</Filter>
    </ClCompile>
  </ItemGroup>
</Project>